// !$*UTF8*$!
{
	archiveVersion = 1;
	classes = {
	};
	objectVersion = 48;
	objects = {

/* Begin PBXBuildFile section */
		043AF5A51FD8277F003A4742 /* MainViewController.swift in Sources */ = {isa = PBXBuildFile; fileRef = 043AF5A41FD8277F003A4742 /* MainViewController.swift */; };
		046C37071FD8E6BB000E361E /* MainFeatureCell.swift in Sources */ = {isa = PBXBuildFile; fileRef = 046C37061FD8E6BB000E361E /* MainFeatureCell.swift */; };
		046C37091FD8E796000E361E /* SampleData.swift in Sources */ = {isa = PBXBuildFile; fileRef = 046C37081FD8E796000E361E /* SampleData.swift */; };
		04BD10191FD7B2F300ADB6CC /* AppDelegate.swift in Sources */ = {isa = PBXBuildFile; fileRef = 04BD10181FD7B2F300ADB6CC /* AppDelegate.swift */; };
		04BD101E1FD7B2F300ADB6CC /* Main.storyboard in Resources */ = {isa = PBXBuildFile; fileRef = 04BD101C1FD7B2F300ADB6CC /* Main.storyboard */; };
		04BD10201FD7B2F300ADB6CC /* Assets.xcassets in Resources */ = {isa = PBXBuildFile; fileRef = 04BD101F1FD7B2F300ADB6CC /* Assets.xcassets */; };
		04BD10231FD7B2F300ADB6CC /* LaunchScreen.storyboard in Resources */ = {isa = PBXBuildFile; fileRef = 04BD10211FD7B2F300ADB6CC /* LaunchScreen.storyboard */; };
		04E44C371FD8F63A0090B936 /* ObjectDetectionViewController.swift in Sources */ = {isa = PBXBuildFile; fileRef = 04E44C361FD8F63A0090B936 /* ObjectDetectionViewController.swift */; };
		04E44C3C1FD8FD6A0090B936 /* Inceptionv3.mlmodel in Sources */ = {isa = PBXBuildFile; fileRef = 04E44C3B1FD8FD6A0090B936 /* Inceptionv3.mlmodel */; };
		04E44C3F1FD907B40090B936 /* RealTimeDetectionViewController.swift in Sources */ = {isa = PBXBuildFile; fileRef = 04E44C3E1FD907B40090B936 /* RealTimeDetectionViewController.swift */; };
		04E44C441FD908910090B936 /* VideoCameraType.swift in Sources */ = {isa = PBXBuildFile; fileRef = 04E44C411FD908900090B936 /* VideoCameraType.swift */; };
		04E44C451FD908910090B936 /* VideoCapture.swift in Sources */ = {isa = PBXBuildFile; fileRef = 04E44C421FD908900090B936 /* VideoCapture.swift */; };
		04E44C461FD908910090B936 /* AVCaptureDevice+Extension.swift in Sources */ = {isa = PBXBuildFile; fileRef = 04E44C431FD908900090B936 /* AVCaptureDevice+Extension.swift */; };
		04E9C04E1FDAD22B0099D2C9 /* FacialAnalysisViewController.swift in Sources */ = {isa = PBXBuildFile; fileRef = 04E9C04D1FDAD22B0099D2C9 /* FacialAnalysisViewController.swift */; };
		04E9C0521FDAF3AF0099D2C9 /* CNNEmotions.mlmodel in Sources */ = {isa = PBXBuildFile; fileRef = 04E9C04F1FDAF3AF0099D2C9 /* CNNEmotions.mlmodel */; };
		04E9C0531FDAF3AF0099D2C9 /* GenderNet.mlmodel in Sources */ = {isa = PBXBuildFile; fileRef = 04E9C0501FDAF3AF0099D2C9 /* GenderNet.mlmodel */; };
		04E9C0541FDAF3AF0099D2C9 /* AgeNet.mlmodel in Sources */ = {isa = PBXBuildFile; fileRef = 04E9C0511FDAF3AF0099D2C9 /* AgeNet.mlmodel */; };
/* End PBXBuildFile section */

/* Begin PBXFileReference section */
		043AF5A41FD8277F003A4742 /* MainViewController.swift */ = {isa = PBXFileReference; fileEncoding = 4; lastKnownFileType = sourcecode.swift; path = MainViewController.swift; sourceTree = "<group>"; };
		046C37061FD8E6BB000E361E /* MainFeatureCell.swift */ = {isa = PBXFileReference; fileEncoding = 4; lastKnownFileType = sourcecode.swift; lineEnding = 0; path = MainFeatureCell.swift; sourceTree = "<group>"; };
		046C37081FD8E796000E361E /* SampleData.swift */ = {isa = PBXFileReference; fileEncoding = 4; lastKnownFileType = sourcecode.swift; path = SampleData.swift; sourceTree = "<group>"; };
		04BD10151FD7B2F300ADB6CC /* ai_11.app */ = {isa = PBXFileReference; explicitFileType = wrapper.application; includeInIndex = 0; path = ai_11.app; sourceTree = BUILT_PRODUCTS_DIR; };
		04BD10181FD7B2F300ADB6CC /* AppDelegate.swift */ = {isa = PBXFileReference; lastKnownFileType = sourcecode.swift; path = AppDelegate.swift; sourceTree = "<group>"; };
		04BD101D1FD7B2F300ADB6CC /* Base */ = {isa = PBXFileReference; lastKnownFileType = file.storyboard; name = Base; path = Base.lproj/Main.storyboard; sourceTree = "<group>"; };
		04BD101F1FD7B2F300ADB6CC /* Assets.xcassets */ = {isa = PBXFileReference; lastKnownFileType = folder.assetcatalog; path = Assets.xcassets; sourceTree = "<group>"; };
		04BD10221FD7B2F300ADB6CC /* Base */ = {isa = PBXFileReference; lastKnownFileType = file.storyboard; name = Base; path = Base.lproj/LaunchScreen.storyboard; sourceTree = "<group>"; };
		04BD10241FD7B2F300ADB6CC /* Info.plist */ = {isa = PBXFileReference; lastKnownFileType = text.plist.xml; path = Info.plist; sourceTree = "<group>"; };
		04E44C361FD8F63A0090B936 /* ObjectDetectionViewController.swift */ = {isa = PBXFileReference; fileEncoding = 4; lastKnownFileType = sourcecode.swift; path = ObjectDetectionViewController.swift; sourceTree = "<group>"; };
		04E44C3B1FD8FD6A0090B936 /* Inceptionv3.mlmodel */ = {isa = PBXFileReference; lastKnownFileType = file.mlmodel; name = Inceptionv3.mlmodel; path = ai_11/ML_Model/Inceptionv3.mlmodel; sourceTree = SOURCE_ROOT; };
		04E44C3E1FD907B40090B936 /* RealTimeDetectionViewController.swift */ = {isa = PBXFileReference; fileEncoding = 4; lastKnownFileType = sourcecode.swift; path = RealTimeDetectionViewController.swift; sourceTree = "<group>"; };
		04E44C411FD908900090B936 /* VideoCameraType.swift */ = {isa = PBXFileReference; fileEncoding = 4; lastKnownFileType = sourcecode.swift; path = VideoCameraType.swift; sourceTree = "<group>"; };
		04E44C421FD908900090B936 /* VideoCapture.swift */ = {isa = PBXFileReference; fileEncoding = 4; lastKnownFileType = sourcecode.swift; path = VideoCapture.swift; sourceTree = "<group>"; };
		04E44C431FD908900090B936 /* AVCaptureDevice+Extension.swift */ = {isa = PBXFileReference; fileEncoding = 4; lastKnownFileType = sourcecode.swift; path = "AVCaptureDevice+Extension.swift"; sourceTree = "<group>"; };
		04E9C04D1FDAD22B0099D2C9 /* FacialAnalysisViewController.swift */ = {isa = PBXFileReference; fileEncoding = 4; lastKnownFileType = sourcecode.swift; lineEnding = 0; path = FacialAnalysisViewController.swift; sourceTree = "<group>"; };
		04E9C04F1FDAF3AF0099D2C9 /* CNNEmotions.mlmodel */ = {isa = PBXFileReference; lastKnownFileType = file.mlmodel; name = CNNEmotions.mlmodel; path = MLModels/CNNEmotions.mlmodel; sourceTree = SOURCE_ROOT; };
		04E9C0501FDAF3AF0099D2C9 /* GenderNet.mlmodel */ = {isa = PBXFileReference; lastKnownFileType = file.mlmodel; name = GenderNet.mlmodel; path = MLModels/GenderNet.mlmodel; sourceTree = SOURCE_ROOT; };
		04E9C0511FDAF3AF0099D2C9 /* AgeNet.mlmodel */ = {isa = PBXFileReference; lastKnownFileType = file.mlmodel; name = AgeNet.mlmodel; path = MLModels/AgeNet.mlmodel; sourceTree = SOURCE_ROOT; };
/* End PBXFileReference section */

/* Begin PBXFrameworksBuildPhase section */
		04BD10121FD7B2F300ADB6CC /* Frameworks */ = {
			isa = PBXFrameworksBuildPhase;
			buildActionMask = 2147483647;
			files = (
			);
			runOnlyForDeploymentPostprocessing = 0;
		};
/* End PBXFrameworksBuildPhase section */

/* Begin PBXGroup section */
		04BD100C1FD7B2F200ADB6CC = {
			isa = PBXGroup;
			children = (
				04BD10171FD7B2F300ADB6CC /* ai_11 */,
				04BD10161FD7B2F300ADB6CC /* Products */,
			);
			sourceTree = "<group>";
		};
		04BD10161FD7B2F300ADB6CC /* Products */ = {
			isa = PBXGroup;
			children = (
				04BD10151FD7B2F300ADB6CC /* ai_11.app */,
			);
			name = Products;
			sourceTree = "<group>";
		};
		04BD10171FD7B2F300ADB6CC /* ai_11 */ = {
			isa = PBXGroup;
			children = (
				04E44C401FD908900090B936 /* VideoCapture */,
				04E44C3D1FD8FD750090B936 /* ML_Model */,
				04E44C3A1FD8F6680090B936 /* Model */,
				04E44C391FD8F6540090B936 /* Custom Views */,
				04E44C381FD8F6420090B936 /* View Controller */,
				04BD10181FD7B2F300ADB6CC /* AppDelegate.swift */,
				04BD101C1FD7B2F300ADB6CC /* Main.storyboard */,
				04BD101F1FD7B2F300ADB6CC /* Assets.xcassets */,
				04BD10211FD7B2F300ADB6CC /* LaunchScreen.storyboard */,
				04BD10241FD7B2F300ADB6CC /* Info.plist */,
			);
			path = ai_11;
			sourceTree = "<group>";
		};
		04E44C381FD8F6420090B936 /* View Controller */ = {
			isa = PBXGroup;
			children = (
				043AF5A41FD8277F003A4742 /* MainViewController.swift */,
				04E44C361FD8F63A0090B936 /* ObjectDetectionViewController.swift */,
				04E44C3E1FD907B40090B936 /* RealTimeDetectionViewController.swift */,
				04E9C04D1FDAD22B0099D2C9 /* FacialAnalysisViewController.swift */,
			);
			path = "View Controller";
			sourceTree = "<group>";
		};
		04E44C391FD8F6540090B936 /* Custom Views */ = {
			isa = PBXGroup;
			children = (
				046C37061FD8E6BB000E361E /* MainFeatureCell.swift */,
			);
			path = "Custom Views";
			sourceTree = "<group>";
		};
		04E44C3A1FD8F6680090B936 /* Model */ = {
			isa = PBXGroup;
			children = (
				046C37081FD8E796000E361E /* SampleData.swift */,
			);
			path = Model;
			sourceTree = "<group>";
		};
		04E44C3D1FD8FD750090B936 /* ML_Model */ = {
			isa = PBXGroup;
			children = (
				04E9C0511FDAF3AF0099D2C9 /* AgeNet.mlmodel */,
				04E9C04F1FDAF3AF0099D2C9 /* CNNEmotions.mlmodel */,
				04E9C0501FDAF3AF0099D2C9 /* GenderNet.mlmodel */,
				04E44C3B1FD8FD6A0090B936 /* Inceptionv3.mlmodel */,
			);
			path = ML_Model;
			sourceTree = "<group>";
		};
		04E44C401FD908900090B936 /* VideoCapture */ = {
			isa = PBXGroup;
			children = (
				04E44C411FD908900090B936 /* VideoCameraType.swift */,
				04E44C421FD908900090B936 /* VideoCapture.swift */,
				04E44C431FD908900090B936 /* AVCaptureDevice+Extension.swift */,
			);
			path = VideoCapture;
			sourceTree = SOURCE_ROOT;
		};
/* End PBXGroup section */

/* Begin PBXNativeTarget section */
		04BD10141FD7B2F300ADB6CC /* ai_11 */ = {
			isa = PBXNativeTarget;
			buildConfigurationList = 04BD10271FD7B2F300ADB6CC /* Build configuration list for PBXNativeTarget "ai_11" */;
			buildPhases = (
				04BD10111FD7B2F300ADB6CC /* Sources */,
				04BD10121FD7B2F300ADB6CC /* Frameworks */,
				04BD10131FD7B2F300ADB6CC /* Resources */,
			);
			buildRules = (
			);
			dependencies = (
			);
			name = ai_11;
			productName = ai_11;
			productReference = 04BD10151FD7B2F300ADB6CC /* ai_11.app */;
			productType = "com.apple.product-type.application";
		};
/* End PBXNativeTarget section */

/* Begin PBXProject section */
		04BD100D1FD7B2F300ADB6CC /* Project object */ = {
			isa = PBXProject;
			attributes = {
				LastSwiftUpdateCheck = 0920;
				LastUpgradeCheck = 0930;
				ORGANIZATIONNAME = com.JunHyuk;
				TargetAttributes = {
					04BD10141FD7B2F300ADB6CC = {
						CreatedOnToolsVersion = 9.2;
						ProvisioningStyle = Automatic;
					};
				};
			};
			buildConfigurationList = 04BD10101FD7B2F300ADB6CC /* Build configuration list for PBXProject "ai_11" */;
			compatibilityVersion = "Xcode 8.0";
			developmentRegion = en;
			hasScannedForEncodings = 0;
			knownRegions = (
				en,
				Base,
			);
			mainGroup = 04BD100C1FD7B2F200ADB6CC;
			productRefGroup = 04BD10161FD7B2F300ADB6CC /* Products */;
			projectDirPath = "";
			projectRoot = "";
			targets = (
				04BD10141FD7B2F300ADB6CC /* ai_11 */,
			);
		};
/* End PBXProject section */

/* Begin PBXResourcesBuildPhase section */
		04BD10131FD7B2F300ADB6CC /* Resources */ = {
			isa = PBXResourcesBuildPhase;
			buildActionMask = 2147483647;
			files = (
				04BD10231FD7B2F300ADB6CC /* LaunchScreen.storyboard in Resources */,
				04BD10201FD7B2F300ADB6CC /* Assets.xcassets in Resources */,
				04BD101E1FD7B2F300ADB6CC /* Main.storyboard in Resources */,
			);
			runOnlyForDeploymentPostprocessing = 0;
		};
/* End PBXResourcesBuildPhase section */

/* Begin PBXSourcesBuildPhase section */
		04BD10111FD7B2F300ADB6CC /* Sources */ = {
			isa = PBXSourcesBuildPhase;
			buildActionMask = 2147483647;
			files = (
				04E9C0521FDAF3AF0099D2C9 /* CNNEmotions.mlmodel in Sources */,
				04BD10191FD7B2F300ADB6CC /* AppDelegate.swift in Sources */,
				04E9C0541FDAF3AF0099D2C9 /* AgeNet.mlmodel in Sources */,
				04E44C3C1FD8FD6A0090B936 /* Inceptionv3.mlmodel in Sources */,
				04E44C441FD908910090B936 /* VideoCameraType.swift in Sources */,
				04E44C461FD908910090B936 /* AVCaptureDevice+Extension.swift in Sources */,
				046C37071FD8E6BB000E361E /* MainFeatureCell.swift in Sources */,
				04E9C04E1FDAD22B0099D2C9 /* FacialAnalysisViewController.swift in Sources */,
				04E44C451FD908910090B936 /* VideoCapture.swift in Sources */,
				04E44C3F1FD907B40090B936 /* RealTimeDetectionViewController.swift in Sources */,
				04E9C0531FDAF3AF0099D2C9 /* GenderNet.mlmodel in Sources */,
				043AF5A51FD8277F003A4742 /* MainViewController.swift in Sources */,
				04E44C371FD8F63A0090B936 /* ObjectDetectionViewController.swift in Sources */,
				046C37091FD8E796000E361E /* SampleData.swift in Sources */,
			);
			runOnlyForDeploymentPostprocessing = 0;
		};
/* End PBXSourcesBuildPhase section */

/* Begin PBXVariantGroup section */
		04BD101C1FD7B2F300ADB6CC /* Main.storyboard */ = {
			isa = PBXVariantGroup;
			children = (
				04BD101D1FD7B2F300ADB6CC /* Base */,
			);
			name = Main.storyboard;
			sourceTree = "<group>";
		};
		04BD10211FD7B2F300ADB6CC /* LaunchScreen.storyboard */ = {
			isa = PBXVariantGroup;
			children = (
				04BD10221FD7B2F300ADB6CC /* Base */,
			);
			name = LaunchScreen.storyboard;
			sourceTree = "<group>";
		};
/* End PBXVariantGroup section */

/* Begin XCBuildConfiguration section */
		04BD10251FD7B2F300ADB6CC /* Debug */ = {
			isa = XCBuildConfiguration;
			buildSettings = {
				ALWAYS_SEARCH_USER_PATHS = NO;
				CLANG_ANALYZER_NONNULL = YES;
				CLANG_ANALYZER_NUMBER_OBJECT_CONVERSION = YES_AGGRESSIVE;
				CLANG_CXX_LANGUAGE_STANDARD = "gnu++14";
				CLANG_CXX_LIBRARY = "libc++";
				CLANG_ENABLE_MODULES = YES;
				CLANG_ENABLE_OBJC_ARC = YES;
				CLANG_WARN_BLOCK_CAPTURE_AUTORELEASING = YES;
				CLANG_WARN_BOOL_CONVERSION = YES;
				CLANG_WARN_COMMA = YES;
				CLANG_WARN_CONSTANT_CONVERSION = YES;
				CLANG_WARN_DEPRECATED_OBJC_IMPLEMENTATIONS = YES;
				CLANG_WARN_DIRECT_OBJC_ISA_USAGE = YES_ERROR;
				CLANG_WARN_DOCUMENTATION_COMMENTS = YES;
				CLANG_WARN_EMPTY_BODY = YES;
				CLANG_WARN_ENUM_CONVERSION = YES;
				CLANG_WARN_INFINITE_RECURSION = YES;
				CLANG_WARN_INT_CONVERSION = YES;
				CLANG_WARN_NON_LITERAL_NULL_CONVERSION = YES;
				CLANG_WARN_OBJC_IMPLICIT_RETAIN_SELF = YES;
				CLANG_WARN_OBJC_LITERAL_CONVERSION = YES;
				CLANG_WARN_OBJC_ROOT_CLASS = YES_ERROR;
				CLANG_WARN_RANGE_LOOP_ANALYSIS = YES;
				CLANG_WARN_STRICT_PROTOTYPES = YES;
				CLANG_WARN_SUSPICIOUS_MOVE = YES;
				CLANG_WARN_UNGUARDED_AVAILABILITY = YES_AGGRESSIVE;
				CLANG_WARN_UNREACHABLE_CODE = YES;
				CLANG_WARN__DUPLICATE_METHOD_MATCH = YES;
				CODE_SIGN_IDENTITY = "iPhone Developer";
				COPY_PHASE_STRIP = NO;
				DEBUG_INFORMATION_FORMAT = dwarf;
				ENABLE_STRICT_OBJC_MSGSEND = YES;
				ENABLE_TESTABILITY = YES;
				GCC_C_LANGUAGE_STANDARD = gnu11;
				GCC_DYNAMIC_NO_PIC = NO;
				GCC_NO_COMMON_BLOCKS = YES;
				GCC_OPTIMIZATION_LEVEL = 0;
				GCC_PREPROCESSOR_DEFINITIONS = (
					"DEBUG=1",
					"$(inherited)",
				);
				GCC_WARN_64_TO_32_BIT_CONVERSION = YES;
				GCC_WARN_ABOUT_RETURN_TYPE = YES_ERROR;
				GCC_WARN_UNDECLARED_SELECTOR = YES;
				GCC_WARN_UNINITIALIZED_AUTOS = YES_AGGRESSIVE;
				GCC_WARN_UNUSED_FUNCTION = YES;
				GCC_WARN_UNUSED_VARIABLE = YES;
				IPHONEOS_DEPLOYMENT_TARGET = 11.2;
				MTL_ENABLE_DEBUG_INFO = YES;
				ONLY_ACTIVE_ARCH = YES;
				SDKROOT = iphoneos;
				SWIFT_ACTIVE_COMPILATION_CONDITIONS = DEBUG;
				SWIFT_OPTIMIZATION_LEVEL = "-Onone";
			};
			name = Debug;
		};
		04BD10261FD7B2F300ADB6CC /* Release */ = {
			isa = XCBuildConfiguration;
			buildSettings = {
				ALWAYS_SEARCH_USER_PATHS = NO;
				CLANG_ANALYZER_NONNULL = YES;
				CLANG_ANALYZER_NUMBER_OBJECT_CONVERSION = YES_AGGRESSIVE;
				CLANG_CXX_LANGUAGE_STANDARD = "gnu++14";
				CLANG_CXX_LIBRARY = "libc++";
				CLANG_ENABLE_MODULES = YES;
				CLANG_ENABLE_OBJC_ARC = YES;
				CLANG_WARN_BLOCK_CAPTURE_AUTORELEASING = YES;
				CLANG_WARN_BOOL_CONVERSION = YES;
				CLANG_WARN_COMMA = YES;
				CLANG_WARN_CONSTANT_CONVERSION = YES;
				CLANG_WARN_DEPRECATED_OBJC_IMPLEMENTATIONS = YES;
				CLANG_WARN_DIRECT_OBJC_ISA_USAGE = YES_ERROR;
				CLANG_WARN_DOCUMENTATION_COMMENTS = YES;
				CLANG_WARN_EMPTY_BODY = YES;
				CLANG_WARN_ENUM_CONVERSION = YES;
				CLANG_WARN_INFINITE_RECURSION = YES;
				CLANG_WARN_INT_CONVERSION = YES;
				CLANG_WARN_NON_LITERAL_NULL_CONVERSION = YES;
				CLANG_WARN_OBJC_IMPLICIT_RETAIN_SELF = YES;
				CLANG_WARN_OBJC_LITERAL_CONVERSION = YES;
				CLANG_WARN_OBJC_ROOT_CLASS = YES_ERROR;
				CLANG_WARN_RANGE_LOOP_ANALYSIS = YES;
				CLANG_WARN_STRICT_PROTOTYPES = YES;
				CLANG_WARN_SUSPICIOUS_MOVE = YES;
				CLANG_WARN_UNGUARDED_AVAILABILITY = YES_AGGRESSIVE;
				CLANG_WARN_UNREACHABLE_CODE = YES;
				CLANG_WARN__DUPLICATE_METHOD_MATCH = YES;
				CODE_SIGN_IDENTITY = "iPhone Developer";
				COPY_PHASE_STRIP = NO;
				DEBUG_INFORMATION_FORMAT = "dwarf-with-dsym";
				ENABLE_NS_ASSERTIONS = NO;
				ENABLE_STRICT_OBJC_MSGSEND = YES;
				GCC_C_LANGUAGE_STANDARD = gnu11;
				GCC_NO_COMMON_BLOCKS = YES;
				GCC_WARN_64_TO_32_BIT_CONVERSION = YES;
				GCC_WARN_ABOUT_RETURN_TYPE = YES_ERROR;
				GCC_WARN_UNDECLARED_SELECTOR = YES;
				GCC_WARN_UNINITIALIZED_AUTOS = YES_AGGRESSIVE;
				GCC_WARN_UNUSED_FUNCTION = YES;
				GCC_WARN_UNUSED_VARIABLE = YES;
				IPHONEOS_DEPLOYMENT_TARGET = 11.2;
				MTL_ENABLE_DEBUG_INFO = NO;
				SDKROOT = iphoneos;
				SWIFT_OPTIMIZATION_LEVEL = "-Owholemodule";
				VALIDATE_PRODUCT = YES;
			};
			name = Release;
		};
		04BD10281FD7B2F300ADB6CC /* Debug */ = {
			isa = XCBuildConfiguration;
			buildSettings = {
				ASSETCATALOG_COMPILER_APPICON_NAME = AppIcon;
				CODE_SIGN_STYLE = Automatic;
				DEVELOPMENT_TEAM = 5V8898Z33P;
				INFOPLIST_FILE = ai_11/Info.plist;
				LD_RUNPATH_SEARCH_PATHS = "$(inherited) @executable_path/Frameworks";
				PRODUCT_BUNDLE_IDENTIFIER = "com.junhyuk.ai-11";
				PRODUCT_NAME = "$(TARGET_NAME)";
				SWIFT_VERSION = 4.0;
				TARGETED_DEVICE_FAMILY = "1,2";
			};
			name = Debug;
		};
		04BD10291FD7B2F300ADB6CC /* Release */ = {
			isa = XCBuildConfiguration;
			buildSettings = {
				ASSETCATALOG_COMPILER_APPICON_NAME = AppIcon;
				CODE_SIGN_STYLE = Automatic;
				DEVELOPMENT_TEAM = 5V8898Z33P;
				INFOPLIST_FILE = ai_11/Info.plist;
				LD_RUNPATH_SEARCH_PATHS = "$(inherited) @executable_path/Frameworks";
				PRODUCT_BUNDLE_IDENTIFIER = "com.junhyuk.ai-11";
				PRODUCT_NAME = "$(TARGET_NAME)";
				SWIFT_VERSION = 4.0;
				TARGETED_DEVICE_FAMILY = "1,2";
			};
			name = Release;
		};
/* End XCBuildConfiguration section */

/* Begin XCConfigurationList section */
		04BD10101FD7B2F300ADB6CC /* Build configuration list for PBXProject "ai_11" */ = {
			isa = XCConfigurationList;
			buildConfigurations = (
				04BD10251FD7B2F300ADB6CC /* Debug */,
				04BD10261FD7B2F300ADB6CC /* Release */,
			);
			defaultConfigurationIsVisible = 0;
			defaultConfigurationName = Release;
		};
		04BD10271FD7B2F300ADB6CC /* Build configuration list for PBXNativeTarget "ai_11" */ = {
			isa = XCConfigurationList;
			buildConfigurations = (
				04BD10281FD7B2F300ADB6CC /* Debug */,
				04BD10291FD7B2F300ADB6CC /* Release */,
			);
			defaultConfigurationIsVisible = 0;
			defaultConfigurationName = Release;
		};
/* End XCConfigurationList section */
	};
	rootObject = 04BD100D1FD7B2F300ADB6CC /* Project object */;
}
